
Microsoft Visual Studio Solution File, Format Version 12.00
# Visual Studio Version 17
VisualStudioVersion = 17.11.35208.52
MinimumVisualStudioVersion = 10.0.40219.1
Project("{9A19103F-16F7-4668-BE54-9A1E7A4F7556}") = "BlinkClipsMerger", "BlinkClipsMerger.csproj", "{A41DFF20-B6DF-4F3F-B343-F14BE3D5D05A}"
EndProject
Global
	GlobalSection(SolutionConfigurationPlatforms) = preSolution
		Debug|Any CPU = Debug|Any CPU
		Release|Any CPU = Release|Any CPU
	EndGlobalSection
	GlobalSection(ProjectConfigurationPlatforms) = postSolution
		{A41DFF20-B6DF-4F3F-B343-F14BE3D5D05A}.Debug|Any CPU.ActiveCfg = Debug|Any CPU
		{A41DFF20-B6DF-4F3F-B343-F14BE3D5D05A}.Debug|Any CPU.Build.0 = Debug|Any CPU
		{A41DFF20-B6DF-4F3F-B343-F14BE3D5D05A}.Release|Any CPU.ActiveCfg = Release|Any CPU
		{A41DFF20-B6DF-4F3F-B343-F14BE3D5D05A}.Release|Any CPU.Build.0 = Release|Any CPU
	EndGlobalSection
	GlobalSection(SolutionProperties) = preSolution
		HideSolutionNode = FALSE
	EndGlobalSection
	GlobalSection(ExtensibilityGlobals) = postSolution
		SolutionGuid = {81BC55AB-9AAB-4C40-8EDC-3C957094343E}
	EndGlobalSection
EndGlobal
